// !$*UTF8*$!
{
	archiveVersion = 1;
	classes = {
	};
	objectVersion = 46;
	objects = {

/* Begin PBXBuildFile section */
		A1CB5B371B287EAE00107A88 /* AppDelegate.swift in Sources */ = {isa = PBXBuildFile; fileRef = A1CB5B361B287EAE00107A88 /* AppDelegate.swift */; };
		A1CB5B391B287EAE00107A88 /* ViewController.swift in Sources */ = {isa = PBXBuildFile; fileRef = A1CB5B381B287EAE00107A88 /* ViewController.swift */; };
		A1CB5B3C1B287EAE00107A88 /* Main.storyboard in Resources */ = {isa = PBXBuildFile; fileRef = A1CB5B3A1B287EAE00107A88 /* Main.storyboard */; };
		A1CB5B3E1B287EAE00107A88 /* Images.xcassets in Resources */ = {isa = PBXBuildFile; fileRef = A1CB5B3D1B287EAE00107A88 /* Images.xcassets */; };
		A1CB5B411B287EAE00107A88 /* LaunchScreen.xib in Resources */ = {isa = PBXBuildFile; fileRef = A1CB5B3F1B287EAE00107A88 /* LaunchScreen.xib */; };
		A1CB5B4D1B287EAE00107A88 /* airConditionerTests.swift in Sources */ = {isa = PBXBuildFile; fileRef = A1CB5B4C1B287EAE00107A88 /* airConditionerTests.swift */; };
/* End PBXBuildFile section */

/* Begin PBXContainerItemProxy section */
		A1CB5B471B287EAE00107A88 /* PBXContainerItemProxy */ = {
			isa = PBXContainerItemProxy;
			containerPortal = A1CB5B291B287EAE00107A88 /* Project object */;
			proxyType = 1;
			remoteGlobalIDString = A1CB5B301B287EAE00107A88;
			remoteInfo = airConditioner;
		};
/* End PBXContainerItemProxy section */

/* Begin PBXFileReference section */
		A1CB5B311B287EAE00107A88 /* airConditioner.app */ = {isa = PBXFileReference; explicitFileType = wrapper.application; includeInIndex = 0; path = airConditioner.app; sourceTree = BUILT_PRODUCTS_DIR; };
		A1CB5B351B287EAE00107A88 /* Info.plist */ = {isa = PBXFileReference; lastKnownFileType = text.plist.xml; path = Info.plist; sourceTree = "<group>"; };
		A1CB5B361B287EAE00107A88 /* AppDelegate.swift */ = {isa = PBXFileReference; lastKnownFileType = sourcecode.swift; path = AppDelegate.swift; sourceTree = "<group>"; };
		A1CB5B381B287EAE00107A88 /* ViewController.swift */ = {isa = PBXFileReference; lastKnownFileType = sourcecode.swift; path = ViewController.swift; sourceTree = "<group>"; };
		A1CB5B3B1B287EAE00107A88 /* Base */ = {isa = PBXFileReference; lastKnownFileType = file.storyboard; name = Base; path = Base.lproj/Main.storyboard; sourceTree = "<group>"; };
		A1CB5B3D1B287EAE00107A88 /* Images.xcassets */ = {isa = PBXFileReference; lastKnownFileType = folder.assetcatalog; path = Images.xcassets; sourceTree = "<group>"; };
		A1CB5B401B287EAE00107A88 /* Base */ = {isa = PBXFileReference; lastKnownFileType = file.xib; name = Base; path = Base.lproj/LaunchScreen.xib; sourceTree = "<group>"; };
		A1CB5B461B287EAE00107A88 /* airConditionerTests.xctest */ = {isa = PBXFileReference; explicitFileType = wrapper.cfbundle; includeInIndex = 0; path = airConditionerTests.xctest; sourceTree = BUILT_PRODUCTS_DIR; };
		A1CB5B4B1B287EAE00107A88 /* Info.plist */ = {isa = PBXFileReference; lastKnownFileType = text.plist.xml; path = Info.plist; sourceTree = "<group>"; };
		A1CB5B4C1B287EAE00107A88 /* airConditionerTests.swift */ = {isa = PBXFileReference; lastKnownFileType = sourcecode.swift; path = airConditionerTests.swift; sourceTree = "<group>"; };
/* End PBXFileReference section */

/* Begin PBXFrameworksBuildPhase section */
		A1CB5B2E1B287EAE00107A88 /* Frameworks */ = {
			isa = PBXFrameworksBuildPhase;
			buildActionMask = 2147483647;
			files = (
			);
			runOnlyForDeploymentPostprocessing = 0;
		};
		A1CB5B431B287EAE00107A88 /* Frameworks */ = {
			isa = PBXFrameworksBuildPhase;
			buildActionMask = 2147483647;
			files = (
			);
			runOnlyForDeploymentPostprocessing = 0;
		};
/* End PBXFrameworksBuildPhase section */

/* Begin PBXGroup section */
		A1CB5B281B287EAE00107A88 = {
			isa = PBXGroup;
			children = (
				A1CB5B331B287EAE00107A88 /* airConditioner */,
				A1CB5B491B287EAE00107A88 /* airConditionerTests */,
				A1CB5B321B287EAE00107A88 /* Products */,
			);
			sourceTree = "<group>";
		};
		A1CB5B321B287EAE00107A88 /* Products */ = {
			isa = PBXGroup;
			children = (
				A1CB5B311B287EAE00107A88 /* airConditioner.app */,
				A1CB5B461B287EAE00107A88 /* airConditionerTests.xctest */,
			);
			name = Products;
			sourceTree = "<group>";
		};
		A1CB5B331B287EAE00107A88 /* airConditioner */ = {
			isa = PBXGroup;
			children = (
				A1CB5B361B287EAE00107A88 /* AppDelegate.swift */,
				A1CB5B381B287EAE00107A88 /* ViewController.swift */,
				A1CB5B3A1B287EAE00107A88 /* Main.storyboard */,
				A1CB5B3D1B287EAE00107A88 /* Images.xcassets */,
				A1CB5B3F1B287EAE00107A88 /* LaunchScreen.xib */,
				A1CB5B341B287EAE00107A88 /* Supporting Files */,
			);
			path = airConditioner;
			sourceTree = "<group>";
		};
		A1CB5B341B287EAE00107A88 /* Supporting Files */ = {
			isa = PBXGroup;
			children = (
				A1CB5B351B287EAE00107A88 /* Info.plist */,
			);
			name = "Supporting Files";
			sourceTree = "<group>";
		};
		A1CB5B491B287EAE00107A88 /* airConditionerTests */ = {
			isa = PBXGroup;
			children = (
				A1CB5B4C1B287EAE00107A88 /* airConditionerTests.swift */,
				A1CB5B4A1B287EAE00107A88 /* Supporting Files */,
			);
			path = airConditionerTests;
			sourceTree = "<group>";
		};
		A1CB5B4A1B287EAE00107A88 /* Supporting Files */ = {
			isa = PBXGroup;
			children = (
				A1CB5B4B1B287EAE00107A88 /* Info.plist */,
			);
			name = "Supporting Files";
			sourceTree = "<group>";
		};
/* End PBXGroup section */

/* Begin PBXNativeTarget section */
		A1CB5B301B287EAE00107A88 /* airConditioner */ = {
			isa = PBXNativeTarget;
			buildConfigurationList = A1CB5B501B287EAE00107A88 /* Build configuration list for PBXNativeTarget "airConditioner" */;
			buildPhases = (
				A1CB5B2D1B287EAE00107A88 /* Sources */,
				A1CB5B2E1B287EAE00107A88 /* Frameworks */,
				A1CB5B2F1B287EAE00107A88 /* Resources */,
			);
			buildRules = (
			);
			dependencies = (
			);
			name = airConditioner;
			productName = airConditioner;
			productReference = A1CB5B311B287EAE00107A88 /* airConditioner.app */;
			productType = "com.apple.product-type.application";
		};
		A1CB5B451B287EAE00107A88 /* airConditionerTests */ = {
			isa = PBXNativeTarget;
			buildConfigurationList = A1CB5B531B287EAE00107A88 /* Build configuration list for PBXNativeTarget "airConditionerTests" */;
			buildPhases = (
				A1CB5B421B287EAE00107A88 /* Sources */,
				A1CB5B431B287EAE00107A88 /* Frameworks */,
				A1CB5B441B287EAE00107A88 /* Resources */,
			);
			buildRules = (
			);
			dependencies = (
				A1CB5B481B287EAE00107A88 /* PBXTargetDependency */,
			);
			name = airConditionerTests;
			productName = airConditionerTests;
			productReference = A1CB5B461B287EAE00107A88 /* airConditionerTests.xctest */;
			productType = "com.apple.product-type.bundle.unit-test";
		};
/* End PBXNativeTarget section */

/* Begin PBXProject section */
		A1CB5B291B287EAE00107A88 /* Project object */ = {
			isa = PBXProject;
			attributes = {
				LastUpgradeCheck = 0630;
				ORGANIZATIONNAME = "杨培文";
				TargetAttributes = {
					A1CB5B301B287EAE00107A88 = {
						CreatedOnToolsVersion = 6.3.2;
					};
					A1CB5B451B287EAE00107A88 = {
						CreatedOnToolsVersion = 6.3.2;
						TestTargetID = A1CB5B301B287EAE00107A88;
					};
				};
			};
			buildConfigurationList = A1CB5B2C1B287EAE00107A88 /* Build configuration list for PBXProject "airConditioner" */;
			compatibilityVersion = "Xcode 3.2";
			developmentRegion = English;
			hasScannedForEncodings = 0;
			knownRegions = (
				en,
				Base,
			);
			mainGroup = A1CB5B281B287EAE00107A88;
			productRefGroup = A1CB5B321B287EAE00107A88 /* Products */;
			projectDirPath = "";
			projectRoot = "";
			targets = (
				A1CB5B301B287EAE00107A88 /* airConditioner */,
				A1CB5B451B287EAE00107A88 /* airConditionerTests */,
			);
		};
/* End PBXProject section */

/* Begin PBXResourcesBuildPhase section */
		A1CB5B2F1B287EAE00107A88 /* Resources */ = {
			isa = PBXResourcesBuildPhase;
			buildActionMask = 2147483647;
			files = (
				A1CB5B3C1B287EAE00107A88 /* Main.storyboard in Resources */,
				A1CB5B411B287EAE00107A88 /* LaunchScreen.xib in Resources */,
				A1CB5B3E1B287EAE00107A88 /* Images.xcassets in Resources */,
			);
			runOnlyForDeploymentPostprocessing = 0;
		};
		A1CB5B441B287EAE00107A88 /* Resources */ = {
			isa = PBXResourcesBuildPhase;
			buildActionMask = 2147483647;
			files = (
			);
			runOnlyForDeploymentPostprocessing = 0;
		};
/* End PBXResourcesBuildPhase section */

/* Begin PBXSourcesBuildPhase section */
		A1CB5B2D1B287EAE00107A88 /* Sources */ = {
			isa = PBXSourcesBuildPhase;
			buildActionMask = 2147483647;
			files = (
				A1CB5B391B287EAE00107A88 /* ViewController.swift in Sources */,
				A1CB5B371B287EAE00107A88 /* AppDelegate.swift in Sources */,
			);
			runOnlyForDeploymentPostprocessing = 0;
		};
		A1CB5B421B287EAE00107A88 /* Sources */ = {
			isa = PBXSourcesBuildPhase;
			buildActionMask = 2147483647;
			files = (
				A1CB5B4D1B287EAE00107A88 /* airConditionerTests.swift in Sources */,
			);
			runOnlyForDeploymentPostprocessing = 0;
		};
/* End PBXSourcesBuildPhase section */

/* Begin PBXTargetDependency section */
		A1CB5B481B287EAE00107A88 /* PBXTargetDependency */ = {
			isa = PBXTargetDependency;
			target = A1CB5B301B287EAE00107A88 /* airConditioner */;
			targetProxy = A1CB5B471B287EAE00107A88 /* PBXContainerItemProxy */;
		};
/* End PBXTargetDependency section */

/* Begin PBXVariantGroup section */
		A1CB5B3A1B287EAE00107A88 /* Main.storyboard */ = {
			isa = PBXVariantGroup;
			children = (
				A1CB5B3B1B287EAE00107A88 /* Base */,
			);
			name = Main.storyboard;
			sourceTree = "<group>";
		};
		A1CB5B3F1B287EAE00107A88 /* LaunchScreen.xib */ = {
			isa = PBXVariantGroup;
			children = (
				A1CB5B401B287EAE00107A88 /* Base */,
			);
			name = LaunchScreen.xib;
			sourceTree = "<group>";
		};
/* End PBXVariantGroup section */

/* Begin XCBuildConfiguration section */
		A1CB5B4E1B287EAE00107A88 /* Debug */ = {
			isa = XCBuildConfiguration;
			buildSettings = {
				ALWAYS_SEARCH_USER_PATHS = NO;
				CLANG_CXX_LANGUAGE_STANDARD = "gnu++0x";
				CLANG_CXX_LIBRARY = "libc++";
				CLANG_ENABLE_MODULES = YES;
				CLANG_ENABLE_OBJC_ARC = YES;
				CLANG_WARN_BOOL_CONVERSION = YES;
				CLANG_WARN_CONSTANT_CONVERSION = YES;
				CLANG_WARN_DIRECT_OBJC_ISA_USAGE = YES_ERROR;
				CLANG_WARN_EMPTY_BODY = YES;
				CLANG_WARN_ENUM_CONVERSION = YES;
				CLANG_WARN_INT_CONVERSION = YES;
				CLANG_WARN_OBJC_ROOT_CLASS = YES_ERROR;
				CLANG_WARN_UNREACHABLE_CODE = YES;
				CLANG_WARN__DUPLICATE_METHOD_MATCH = YES;
				"CODE_SIGN_IDENTITY[sdk=iphoneos*]" = "iPhone Developer";
				COPY_PHASE_STRIP = NO;
				DEBUG_INFORMATION_FORMAT = "dwarf-with-dsym";
				ENABLE_STRICT_OBJC_MSGSEND = YES;
				GCC_C_LANGUAGE_STANDARD = gnu99;
				GCC_DYNAMIC_NO_PIC = NO;
				GCC_NO_COMMON_BLOCKS = YES;
				GCC_OPTIMIZATION_LEVEL = 0;
				GCC_PREPROCESSOR_DEFINITIONS = (
					"DEBUG=1",
					"$(inherited)",
				);
				GCC_SYMBOLS_PRIVATE_EXTERN = NO;
				GCC_WARN_64_TO_32_BIT_CONVERSION = YES;
				GCC_WARN_ABOUT_RETURN_TYPE = YES_ERROR;
				GCC_WARN_UNDECLARED_SELECTOR = YES;
				GCC_WARN_UNINITIALIZED_AUTOS = YES_AGGRESSIVE;
				GCC_WARN_UNUSED_FUNCTION = YES;
				GCC_WARN_UNUSED_VARIABLE = YES;
				IPHONEOS_DEPLOYMENT_TARGET = 8.3;
				MTL_ENABLE_DEBUG_INFO = YES;
				ONLY_ACTIVE_ARCH = YES;
				SDKROOT = iphoneos;
				SWIFT_OPTIMIZATION_LEVEL = "-Onone";
				TARGETED_DEVICE_FAMILY = "1,2";
			};
			name = Debug;
		};
		A1CB5B4F1B287EAE00107A88 /* Release */ = {
			isa = XCBuildConfiguration;
			buildSettings = {
				ALWAYS_SEARCH_USER_PATHS = NO;
				CLANG_CXX_LANGUAGE_STANDARD = "gnu++0x";
				CLANG_CXX_LIBRARY = "libc++";
				CLANG_ENABLE_MODULES = YES;
				CLANG_ENABLE_OBJC_ARC = YES;
				CLANG_WARN_BOOL_CONVERSION = YES;
				CLANG_WARN_CONSTANT_CONVERSION = YES;
				CLANG_WARN_DIRECT_OBJC_ISA_USAGE = YES_ERROR;
				CLANG_WARN_EMPTY_BODY = YES;
				CLANG_WARN_ENUM_CONVERSION = YES;
				CLANG_WARN_INT_CONVERSION = YES;
				CLANG_WARN_OBJC_ROOT_CLASS = YES_ERROR;
				CLANG_WARN_UNREACHABLE_CODE = YES;
				CLANG_WARN__DUPLICATE_METHOD_MATCH = YES;
				"CODE_SIGN_IDENTITY[sdk=iphoneos*]" = "iPhone Developer";
				COPY_PHASE_STRIP = NO;
				DEBUG_INFORMATION_FORMAT = "dwarf-with-dsym";
				ENABLE_NS_ASSERTIONS = NO;
				ENABLE_STRICT_OBJC_MSGSEND = YES;
				GCC_C_LANGUAGE_STANDARD = gnu99;
				GCC_NO_COMMON_BLOCKS = YES;
				GCC_WARN_64_TO_32_BIT_CONVERSION = YES;
				GCC_WARN_ABOUT_RETURN_TYPE = YES_ERROR;
				GCC_WARN_UNDECLARED_SELECTOR = YES;
				GCC_WARN_UNINITIALIZED_AUTOS = YES_AGGRESSIVE;
				GCC_WARN_UNUSED_FUNCTION = YES;
				GCC_WARN_UNUSED_VARIABLE = YES;
				IPHONEOS_DEPLOYMENT_TARGET = 8.3;
				MTL_ENABLE_DEBUG_INFO = NO;
				SDKROOT = iphoneos;
				TARGETED_DEVICE_FAMILY = "1,2";
				VALIDATE_PRODUCT = YES;
			};
			name = Release;
		};
		A1CB5B511B287EAE00107A88 /* Debug */ = {
			isa = XCBuildConfiguration;
			buildSettings = {
				ASSETCATALOG_COMPILER_APPICON_NAME = AppIcon;
				INFOPLIST_FILE = airConditioner/Info.plist;
				LD_RUNPATH_SEARCH_PATHS = "$(inherited) @executable_path/Frameworks";
				PRODUCT_NAME = "$(TARGET_NAME)";
			};
			name = Debug;
		};
		A1CB5B521B287EAE00107A88 /* Release */ = {
			isa = XCBuildConfiguration;
			buildSettings = {
				ASSETCATALOG_COMPILER_APPICON_NAME = AppIcon;
				INFOPLIST_FILE = airConditioner/Info.plist;
				LD_RUNPATH_SEARCH_PATHS = "$(inherited) @executable_path/Frameworks";
				PRODUCT_NAME = "$(TARGET_NAME)";
			};
			name = Release;
		};
		A1CB5B541B287EAE00107A88 /* Debug */ = {
			isa = XCBuildConfiguration;
			buildSettings = {
				BUNDLE_LOADER = "$(TEST_HOST)";
				FRAMEWORK_SEARCH_PATHS = (
					"$(SDKROOT)/Developer/Library/Frameworks",
					"$(inherited)",
				);
				GCC_PREPROCESSOR_DEFINITIONS = (
					"DEBUG=1",
					"$(inherited)",
				);
				INFOPLIST_FILE = airConditionerTests/Info.plist;
				LD_RUNPATH_SEARCH_PATHS = "$(inherited) @executable_path/Frameworks @loader_path/Frameworks";
				PRODUCT_NAME = "$(TARGET_NAME)";
				TEST_HOST = "$(BUILT_PRODUCTS_DIR)/airConditioner.app/airConditioner";
			};
			name = Debug;
		};
		A1CB5B551B287EAE00107A88 /* Release */ = {
			isa = XCBuildConfiguration;
			buildSettings = {
				BUNDLE_LOADER = "$(TEST_HOST)";
				FRAMEWORK_SEARCH_PATHS = (
					"$(SDKROOT)/Developer/Library/Frameworks",
					"$(inherited)",
				);
				INFOPLIST_FILE = airConditionerTests/Info.plist;
				LD_RUNPATH_SEARCH_PATHS = "$(inherited) @executable_path/Frameworks @loader_path/Frameworks";
				PRODUCT_NAME = "$(TARGET_NAME)";
				TEST_HOST = "$(BUILT_PRODUCTS_DIR)/airConditioner.app/airConditioner";
			};
			name = Release;
		};
/* End XCBuildConfiguration section */

/* Begin XCConfigurationList section */
		A1CB5B2C1B287EAE00107A88 /* Build configuration list for PBXProject "airConditioner" */ = {
			isa = XCConfigurationList;
			buildConfigurations = (
				A1CB5B4E1B287EAE00107A88 /* Debug */,
				A1CB5B4F1B287EAE00107A88 /* Release */,
			);
			defaultConfigurationIsVisible = 0;
			defaultConfigurationName = Release;
		};
		A1CB5B501B287EAE00107A88 /* Build configuration list for PBXNativeTarget "airConditioner" */ = {
			isa = XCConfigurationList;
			buildConfigurations = (
				A1CB5B511B287EAE00107A88 /* Debug */,
				A1CB5B521B287EAE00107A88 /* Release */,
			);
			defaultConfigurationIsVisible = 0;
		};
		A1CB5B531B287EAE00107A88 /* Build configuration list for PBXNativeTarget "airConditionerTests" */ = {
			isa = XCConfigurationList;
			buildConfigurations = (
				A1CB5B541B287EAE00107A88 /* Debug */,
				A1CB5B551B287EAE00107A88 /* Release */,
			);
			defaultConfigurationIsVisible = 0;
		};
/* End XCConfigurationList section */
	};
	rootObject = A1CB5B291B287EAE00107A88 /* Project object */;
}
